{
  "requires": true,
  "lockfileVersion": 1,
  "dependencies": {
    "http-https": {
      "version": "1.0.0",
      "resolved": "https://registry.npmjs.org/http-https/-/http-https-1.0.0.tgz",
      "integrity": "sha1-L5CN1fHbQGjAWM1ubUzjkskTOJs="
    },
    "zoneminder": {
      "version": "1.0.5",
      "resolved": "https://registry.npmjs.org/zoneminder/-/zoneminder-1.0.5.tgz",
      "integrity": "sha512-uLvxX1Zwn4ShAUyqSwTnOQkPgPlYm2Z/tuhbU+cu61YfayIGVzrY+8/YEo+SGd0DDo7j1+5oEfe1ld7M+MqW4Q==",
      "requires": {
        "http-https": "1.0.0"
      }
    }
  }
}
